// !$*UTF8*$!
{
	archiveVersion = 1;
	classes = {
	};
	objectVersion = 48;
	objects = {

/* Begin PBXBuildFile section */
		84737D9A1FC50B5A00C9A744 /* AppDelegate.m in Sources */ = {isa = PBXBuildFile; fileRef = 84737D991FC50B5A00C9A744 /* AppDelegate.m */; };
		84737D9D1FC50B5A00C9A744 /* ViewController.m in Sources */ = {isa = PBXBuildFile; fileRef = 84737D9C1FC50B5A00C9A744 /* ViewController.m */; };
		84737DA01FC50B5A00C9A744 /* Main.storyboard in Resources */ = {isa = PBXBuildFile; fileRef = 84737D9E1FC50B5A00C9A744 /* Main.storyboard */; };
		84737DA21FC50B5A00C9A744 /* Assets.xcassets in Resources */ = {isa = PBXBuildFile; fileRef = 84737DA11FC50B5A00C9A744 /* Assets.xcassets */; };
		84737DA51FC50B5A00C9A744 /* LaunchScreen.storyboard in Resources */ = {isa = PBXBuildFile; fileRef = 84737DA31FC50B5A00C9A744 /* LaunchScreen.storyboard */; };
		84737DA81FC50B5A00C9A744 /* main.m in Sources */ = {isa = PBXBuildFile; fileRef = 84737DA71FC50B5A00C9A744 /* main.m */; };
		84737DB21FC50B5A00C9A744 /* CYFMTests.m in Sources */ = {isa = PBXBuildFile; fileRef = 84737DB11FC50B5A00C9A744 /* CYFMTests.m */; };
		84737DBD1FC50B5A00C9A744 /* CYFMUITests.m in Sources */ = {isa = PBXBuildFile; fileRef = 84737DBC1FC50B5A00C9A744 /* CYFMUITests.m */; };
/* End PBXBuildFile section */

/* Begin PBXContainerItemProxy section */
		84737DAE1FC50B5A00C9A744 /* PBXContainerItemProxy */ = {
			isa = PBXContainerItemProxy;
			containerPortal = 84737D8D1FC50B5A00C9A744 /* Project object */;
			proxyType = 1;
			remoteGlobalIDString = 84737D941FC50B5A00C9A744;
			remoteInfo = CYFM;
		};
		84737DB91FC50B5A00C9A744 /* PBXContainerItemProxy */ = {
			isa = PBXContainerItemProxy;
			containerPortal = 84737D8D1FC50B5A00C9A744 /* Project object */;
			proxyType = 1;
			remoteGlobalIDString = 84737D941FC50B5A00C9A744;
			remoteInfo = CYFM;
		};
/* End PBXContainerItemProxy section */

/* Begin PBXFileReference section */
		84737D951FC50B5A00C9A744 /* CYFM.app */ = {isa = PBXFileReference; explicitFileType = wrapper.application; includeInIndex = 0; path = CYFM.app; sourceTree = BUILT_PRODUCTS_DIR; };
		84737D981FC50B5A00C9A744 /* AppDelegate.h */ = {isa = PBXFileReference; lastKnownFileType = sourcecode.c.h; path = AppDelegate.h; sourceTree = "<group>"; };
		84737D991FC50B5A00C9A744 /* AppDelegate.m */ = {isa = PBXFileReference; lastKnownFileType = sourcecode.c.objc; path = AppDelegate.m; sourceTree = "<group>"; };
		84737D9B1FC50B5A00C9A744 /* ViewController.h */ = {isa = PBXFileReference; lastKnownFileType = sourcecode.c.h; path = ViewController.h; sourceTree = "<group>"; };
		84737D9C1FC50B5A00C9A744 /* ViewController.m */ = {isa = PBXFileReference; lastKnownFileType = sourcecode.c.objc; path = ViewController.m; sourceTree = "<group>"; };
		84737D9F1FC50B5A00C9A744 /* Base */ = {isa = PBXFileReference; lastKnownFileType = file.storyboard; name = Base; path = Base.lproj/Main.storyboard; sourceTree = "<group>"; };
		84737DA11FC50B5A00C9A744 /* Assets.xcassets */ = {isa = PBXFileReference; lastKnownFileType = folder.assetcatalog; path = Assets.xcassets; sourceTree = "<group>"; };
		84737DA41FC50B5A00C9A744 /* Base */ = {isa = PBXFileReference; lastKnownFileType = file.storyboard; name = Base; path = Base.lproj/LaunchScreen.storyboard; sourceTree = "<group>"; };
		84737DA61FC50B5A00C9A744 /* Info.plist */ = {isa = PBXFileReference; lastKnownFileType = text.plist.xml; path = Info.plist; sourceTree = "<group>"; };
		84737DA71FC50B5A00C9A744 /* main.m */ = {isa = PBXFileReference; lastKnownFileType = sourcecode.c.objc; path = main.m; sourceTree = "<group>"; };
		84737DAD1FC50B5A00C9A744 /* CYFMTests.xctest */ = {isa = PBXFileReference; explicitFileType = wrapper.cfbundle; includeInIndex = 0; path = CYFMTests.xctest; sourceTree = BUILT_PRODUCTS_DIR; };
		84737DB11FC50B5A00C9A744 /* CYFMTests.m */ = {isa = PBXFileReference; lastKnownFileType = sourcecode.c.objc; path = CYFMTests.m; sourceTree = "<group>"; };
		84737DB31FC50B5A00C9A744 /* Info.plist */ = {isa = PBXFileReference; lastKnownFileType = text.plist.xml; path = Info.plist; sourceTree = "<group>"; };
		84737DB81FC50B5A00C9A744 /* CYFMUITests.xctest */ = {isa = PBXFileReference; explicitFileType = wrapper.cfbundle; includeInIndex = 0; path = CYFMUITests.xctest; sourceTree = BUILT_PRODUCTS_DIR; };
		84737DBC1FC50B5A00C9A744 /* CYFMUITests.m */ = {isa = PBXFileReference; lastKnownFileType = sourcecode.c.objc; path = CYFMUITests.m; sourceTree = "<group>"; };
		84737DBE1FC50B5A00C9A744 /* Info.plist */ = {isa = PBXFileReference; lastKnownFileType = text.plist.xml; path = Info.plist; sourceTree = "<group>"; };
/* End PBXFileReference section */

/* Begin PBXFrameworksBuildPhase section */
		84737D921FC50B5A00C9A744 /* Frameworks */ = {
			isa = PBXFrameworksBuildPhase;
			buildActionMask = 2147483647;
			files = (
			);
			runOnlyForDeploymentPostprocessing = 0;
		};
		84737DAA1FC50B5A00C9A744 /* Frameworks */ = {
			isa = PBXFrameworksBuildPhase;
			buildActionMask = 2147483647;
			files = (
			);
			runOnlyForDeploymentPostprocessing = 0;
		};
		84737DB51FC50B5A00C9A744 /* Frameworks */ = {
			isa = PBXFrameworksBuildPhase;
			buildActionMask = 2147483647;
			files = (
			);
			runOnlyForDeploymentPostprocessing = 0;
		};
/* End PBXFrameworksBuildPhase section */

/* Begin PBXGroup section */
		84737D8C1FC50B5A00C9A744 = {
			isa = PBXGroup;
			children = (
				84737D971FC50B5A00C9A744 /* CYFM */,
				84737DB01FC50B5A00C9A744 /* CYFMTests */,
				84737DBB1FC50B5A00C9A744 /* CYFMUITests */,
				84737D961FC50B5A00C9A744 /* Products */,
			);
			sourceTree = "<group>";
		};
		84737D961FC50B5A00C9A744 /* Products */ = {
			isa = PBXGroup;
			children = (
				84737D951FC50B5A00C9A744 /* CYFM.app */,
				84737DAD1FC50B5A00C9A744 /* CYFMTests.xctest */,
				84737DB81FC50B5A00C9A744 /* CYFMUITests.xctest */,
			);
			name = Products;
			sourceTree = "<group>";
		};
		84737D971FC50B5A00C9A744 /* CYFM */ = {
			isa = PBXGroup;
			children = (
				84737D981FC50B5A00C9A744 /* AppDelegate.h */,
				84737D991FC50B5A00C9A744 /* AppDelegate.m */,
				84737D9B1FC50B5A00C9A744 /* ViewController.h */,
				84737D9C1FC50B5A00C9A744 /* ViewController.m */,
				84737D9E1FC50B5A00C9A744 /* Main.storyboard */,
				84737DA11FC50B5A00C9A744 /* Assets.xcassets */,
				84737DA31FC50B5A00C9A744 /* LaunchScreen.storyboard */,
				84737DA61FC50B5A00C9A744 /* Info.plist */,
				84737DA71FC50B5A00C9A744 /* main.m */,
			);
			path = CYFM;
			sourceTree = "<group>";
		};
		84737DB01FC50B5A00C9A744 /* CYFMTests */ = {
			isa = PBXGroup;
			children = (
				84737DB11FC50B5A00C9A744 /* CYFMTests.m */,
				84737DB31FC50B5A00C9A744 /* Info.plist */,
			);
			path = CYFMTests;
			sourceTree = "<group>";
		};
		84737DBB1FC50B5A00C9A744 /* CYFMUITests */ = {
			isa = PBXGroup;
			children = (
				84737DBC1FC50B5A00C9A744 /* CYFMUITests.m */,
				84737DBE1FC50B5A00C9A744 /* Info.plist */,
			);
			path = CYFMUITests;
			sourceTree = "<group>";
		};
/* End PBXGroup section */

/* Begin PBXNativeTarget section */
		84737D941FC50B5A00C9A744 /* CYFM */ = {
			isa = PBXNativeTarget;
			buildConfigurationList = 84737DC11FC50B5A00C9A744 /* Build configuration list for PBXNativeTarget "CYFM" */;
			buildPhases = (
				84737D911FC50B5A00C9A744 /* Sources */,
				84737D921FC50B5A00C9A744 /* Frameworks */,
				84737D931FC50B5A00C9A744 /* Resources */,
			);
			buildRules = (
			);
			dependencies = (
			);
			name = CYFM;
			productName = CYFM;
			productReference = 84737D951FC50B5A00C9A744 /* CYFM.app */;
			productType = "com.apple.product-type.application";
		};
		84737DAC1FC50B5A00C9A744 /* CYFMTests */ = {
			isa = PBXNativeTarget;
			buildConfigurationList = 84737DC41FC50B5A00C9A744 /* Build configuration list for PBXNativeTarget "CYFMTests" */;
			buildPhases = (
				84737DA91FC50B5A00C9A744 /* Sources */,
				84737DAA1FC50B5A00C9A744 /* Frameworks */,
				84737DAB1FC50B5A00C9A744 /* Resources */,
			);
			buildRules = (
			);
			dependencies = (
				84737DAF1FC50B5A00C9A744 /* PBXTargetDependency */,
			);
			name = CYFMTests;
			productName = CYFMTests;
			productReference = 84737DAD1FC50B5A00C9A744 /* CYFMTests.xctest */;
			productType = "com.apple.product-type.bundle.unit-test";
		};
		84737DB71FC50B5A00C9A744 /* CYFMUITests */ = {
			isa = PBXNativeTarget;
			buildConfigurationList = 84737DC71FC50B5A00C9A744 /* Build configuration list for PBXNativeTarget "CYFMUITests" */;
			buildPhases = (
				84737DB41FC50B5A00C9A744 /* Sources */,
				84737DB51FC50B5A00C9A744 /* Frameworks */,
				84737DB61FC50B5A00C9A744 /* Resources */,
			);
			buildRules = (
			);
			dependencies = (
				84737DBA1FC50B5A00C9A744 /* PBXTargetDependency */,
			);
			name = CYFMUITests;
			productName = CYFMUITests;
			productReference = 84737DB81FC50B5A00C9A744 /* CYFMUITests.xctest */;
			productType = "com.apple.product-type.bundle.ui-testing";
		};
/* End PBXNativeTarget section */

/* Begin PBXProject section */
		84737D8D1FC50B5A00C9A744 /* Project object */ = {
			isa = PBXProject;
			attributes = {
				LastUpgradeCheck = 0910;
				ORGANIZATIONNAME = admin;
				TargetAttributes = {
					84737D941FC50B5A00C9A744 = {
						CreatedOnToolsVersion = 9.1;
						ProvisioningStyle = Automatic;
					};
					84737DAC1FC50B5A00C9A744 = {
						CreatedOnToolsVersion = 9.1;
						ProvisioningStyle = Automatic;
						TestTargetID = 84737D941FC50B5A00C9A744;
					};
					84737DB71FC50B5A00C9A744 = {
						CreatedOnToolsVersion = 9.1;
						ProvisioningStyle = Automatic;
						TestTargetID = 84737D941FC50B5A00C9A744;
					};
				};
			};
			buildConfigurationList = 84737D901FC50B5A00C9A744 /* Build configuration list for PBXProject "CYFM" */;
			compatibilityVersion = "Xcode 8.0";
			developmentRegion = en;
			hasScannedForEncodings = 0;
			knownRegions = (
				en,
				Base,
			);
			mainGroup = 84737D8C1FC50B5A00C9A744;
			productRefGroup = 84737D961FC50B5A00C9A744 /* Products */;
			projectDirPath = "";
			projectRoot = "";
			targets = (
				84737D941FC50B5A00C9A744 /* CYFM */,
				84737DAC1FC50B5A00C9A744 /* CYFMTests */,
				84737DB71FC50B5A00C9A744 /* CYFMUITests */,
			);
		};
/* End PBXProject section */

/* Begin PBXResourcesBuildPhase section */
		84737D931FC50B5A00C9A744 /* Resources */ = {
			isa = PBXResourcesBuildPhase;
			buildActionMask = 2147483647;
			files = (
				84737DA51FC50B5A00C9A744 /* LaunchScreen.storyboard in Resources */,
				84737DA21FC50B5A00C9A744 /* Assets.xcassets in Resources */,
				84737DA01FC50B5A00C9A744 /* Main.storyboard in Resources */,
			);
			runOnlyForDeploymentPostprocessing = 0;
		};
		84737DAB1FC50B5A00C9A744 /* Resources */ = {
			isa = PBXResourcesBuildPhase;
			buildActionMask = 2147483647;
			files = (
			);
			runOnlyForDeploymentPostprocessing = 0;
		};
		84737DB61FC50B5A00C9A744 /* Resources */ = {
			isa = PBXResourcesBuildPhase;
			buildActionMask = 2147483647;
			files = (
			);
			runOnlyForDeploymentPostprocessing = 0;
		};
/* End PBXResourcesBuildPhase section */

/* Begin PBXSourcesBuildPhase section */
		84737D911FC50B5A00C9A744 /* Sources */ = {
			isa = PBXSourcesBuildPhase;
			buildActionMask = 2147483647;
			files = (
				84737D9D1FC50B5A00C9A744 /* ViewController.m in Sources */,
				84737DA81FC50B5A00C9A744 /* main.m in Sources */,
				84737D9A1FC50B5A00C9A744 /* AppDelegate.m in Sources */,
			);
			runOnlyForDeploymentPostprocessing = 0;
		};
		84737DA91FC50B5A00C9A744 /* Sources */ = {
			isa = PBXSourcesBuildPhase;
			buildActionMask = 2147483647;
			files = (
				84737DB21FC50B5A00C9A744 /* CYFMTests.m in Sources */,
			);
			runOnlyForDeploymentPostprocessing = 0;
		};
		84737DB41FC50B5A00C9A744 /* Sources */ = {
			isa = PBXSourcesBuildPhase;
			buildActionMask = 2147483647;
			files = (
				84737DBD1FC50B5A00C9A744 /* CYFMUITests.m in Sources */,
			);
			runOnlyForDeploymentPostprocessing = 0;
		};
/* End PBXSourcesBuildPhase section */

/* Begin PBXTargetDependency section */
		84737DAF1FC50B5A00C9A744 /* PBXTargetDependency */ = {
			isa = PBXTargetDependency;
			target = 84737D941FC50B5A00C9A744 /* CYFM */;
			targetProxy = 84737DAE1FC50B5A00C9A744 /* PBXContainerItemProxy */;
		};
		84737DBA1FC50B5A00C9A744 /* PBXTargetDependency */ = {
			isa = PBXTargetDependency;
			target = 84737D941FC50B5A00C9A744 /* CYFM */;
			targetProxy = 84737DB91FC50B5A00C9A744 /* PBXContainerItemProxy */;
		};
/* End PBXTargetDependency section */

/* Begin PBXVariantGroup section */
		84737D9E1FC50B5A00C9A744 /* Main.storyboard */ = {
			isa = PBXVariantGroup;
			children = (
				84737D9F1FC50B5A00C9A744 /* Base */,
			);
			name = Main.storyboard;
			sourceTree = "<group>";
		};
		84737DA31FC50B5A00C9A744 /* LaunchScreen.storyboard */ = {
			isa = PBXVariantGroup;
			children = (
				84737DA41FC50B5A00C9A744 /* Base */,
			);
			name = LaunchScreen.storyboard;
			sourceTree = "<group>";
		};
/* End PBXVariantGroup section */

/* Begin XCBuildConfiguration section */
		84737DBF1FC50B5A00C9A744 /* Debug */ = {
			isa = XCBuildConfiguration;
			buildSettings = {
				ALWAYS_SEARCH_USER_PATHS = NO;
				CLANG_ANALYZER_NONNULL = YES;
				CLANG_ANALYZER_NUMBER_OBJECT_CONVERSION = YES_AGGRESSIVE;
				CLANG_CXX_LANGUAGE_STANDARD = "gnu++14";
				CLANG_CXX_LIBRARY = "libc++";
				CLANG_ENABLE_MODULES = YES;
				CLANG_ENABLE_OBJC_ARC = YES;
				CLANG_WARN_BLOCK_CAPTURE_AUTORELEASING = YES;
				CLANG_WARN_BOOL_CONVERSION = YES;
				CLANG_WARN_COMMA = YES;
				CLANG_WARN_CONSTANT_CONVERSION = YES;
				CLANG_WARN_DIRECT_OBJC_ISA_USAGE = YES_ERROR;
				CLANG_WARN_DOCUMENTATION_COMMENTS = YES;
				CLANG_WARN_EMPTY_BODY = YES;
				CLANG_WARN_ENUM_CONVERSION = YES;
				CLANG_WARN_INFINITE_RECURSION = YES;
				CLANG_WARN_INT_CONVERSION = YES;
				CLANG_WARN_NON_LITERAL_NULL_CONVERSION = YES;
				CLANG_WARN_OBJC_LITERAL_CONVERSION = YES;
				CLANG_WARN_OBJC_ROOT_CLASS = YES_ERROR;
				CLANG_WARN_RANGE_LOOP_ANALYSIS = YES;
				CLANG_WARN_STRICT_PROTOTYPES = YES;
				CLANG_WARN_SUSPICIOUS_MOVE = YES;
				CLANG_WARN_UNGUARDED_AVAILABILITY = YES_AGGRESSIVE;
				CLANG_WARN_UNREACHABLE_CODE = YES;
				CLANG_WARN__DUPLICATE_METHOD_MATCH = YES;
				CODE_SIGN_IDENTITY = "iPhone Developer";
				COPY_PHASE_STRIP = NO;
				DEBUG_INFORMATION_FORMAT = dwarf;
				ENABLE_STRICT_OBJC_MSGSEND = YES;
				ENABLE_TESTABILITY = YES;
				GCC_C_LANGUAGE_STANDARD = gnu11;
				GCC_DYNAMIC_NO_PIC = NO;
				GCC_NO_COMMON_BLOCKS = YES;
				GCC_OPTIMIZATION_LEVEL = 0;
				GCC_PREPROCESSOR_DEFINITIONS = (
					"DEBUG=1",
					"$(inherited)",
				);
				GCC_WARN_64_TO_32_BIT_CONVERSION = YES;
				GCC_WARN_ABOUT_RETURN_TYPE = YES_ERROR;
				GCC_WARN_UNDECLARED_SELECTOR = YES;
				GCC_WARN_UNINITIALIZED_AUTOS = YES_AGGRESSIVE;
				GCC_WARN_UNUSED_FUNCTION = YES;
				GCC_WARN_UNUSED_VARIABLE = YES;
				IPHONEOS_DEPLOYMENT_TARGET = 11.1;
				MTL_ENABLE_DEBUG_INFO = YES;
				ONLY_ACTIVE_ARCH = YES;
				SDKROOT = iphoneos;
			};
			name = Debug;
		};
		84737DC01FC50B5A00C9A744 /* Release */ = {
			isa = XCBuildConfiguration;
			buildSettings = {
				ALWAYS_SEARCH_USER_PATHS = NO;
				CLANG_ANALYZER_NONNULL = YES;
				CLANG_ANALYZER_NUMBER_OBJECT_CONVERSION = YES_AGGRESSIVE;
				CLANG_CXX_LANGUAGE_STANDARD = "gnu++14";
				CLANG_CXX_LIBRARY = "libc++";
				CLANG_ENABLE_MODULES = YES;
				CLANG_ENABLE_OBJC_ARC = YES;
				CLANG_WARN_BLOCK_CAPTURE_AUTORELEASING = YES;
				CLANG_WARN_BOOL_CONVERSION = YES;
				CLANG_WARN_COMMA = YES;
				CLANG_WARN_CONSTANT_CONVERSION = YES;
				CLANG_WARN_DIRECT_OBJC_ISA_USAGE = YES_ERROR;
				CLANG_WARN_DOCUMENTATION_COMMENTS = YES;
				CLANG_WARN_EMPTY_BODY = YES;
				CLANG_WARN_ENUM_CONVERSION = YES;
				CLANG_WARN_INFINITE_RECURSION = YES;
				CLANG_WARN_INT_CONVERSION = YES;
				CLANG_WARN_NON_LITERAL_NULL_CONVERSION = YES;
				CLANG_WARN_OBJC_LITERAL_CONVERSION = YES;
				CLANG_WARN_OBJC_ROOT_CLASS = YES_ERROR;
				CLANG_WARN_RANGE_LOOP_ANALYSIS = YES;
				CLANG_WARN_STRICT_PROTOTYPES = YES;
				CLANG_WARN_SUSPICIOUS_MOVE = YES;
				CLANG_WARN_UNGUARDED_AVAILABILITY = YES_AGGRESSIVE;
				CLANG_WARN_UNREACHABLE_CODE = YES;
				CLANG_WARN__DUPLICATE_METHOD_MATCH = YES;
				CODE_SIGN_IDENTITY = "iPhone Developer";
				COPY_PHASE_STRIP = NO;
				DEBUG_INFORMATION_FORMAT = "dwarf-with-dsym";
				ENABLE_NS_ASSERTIONS = NO;
				ENABLE_STRICT_OBJC_MSGSEND = YES;
				GCC_C_LANGUAGE_STANDARD = gnu11;
				GCC_NO_COMMON_BLOCKS = YES;
				GCC_WARN_64_TO_32_BIT_CONVERSION = YES;
				GCC_WARN_ABOUT_RETURN_TYPE = YES_ERROR;
				GCC_WARN_UNDECLARED_SELECTOR = YES;
				GCC_WARN_UNINITIALIZED_AUTOS = YES_AGGRESSIVE;
				GCC_WARN_UNUSED_FUNCTION = YES;
				GCC_WARN_UNUSED_VARIABLE = YES;
				IPHONEOS_DEPLOYMENT_TARGET = 11.1;
				MTL_ENABLE_DEBUG_INFO = NO;
				SDKROOT = iphoneos;
				VALIDATE_PRODUCT = YES;
			};
			name = Release;
		};
		84737DC21FC50B5A00C9A744 /* Debug */ = {
			isa = XCBuildConfiguration;
			buildSettings = {
				ASSETCATALOG_COMPILER_APPICON_NAME = AppIcon;
				CODE_SIGN_STYLE = Automatic;
				DEVELOPMENT_TEAM = PXKJ4738ET;
				INFOPLIST_FILE = CYFM/Info.plist;
				LD_RUNPATH_SEARCH_PATHS = "$(inherited) @executable_path/Frameworks";
				PRODUCT_BUNDLE_IDENTIFIER = com.chinaredstar.CYFM;
				PRODUCT_NAME = "$(TARGET_NAME)";
				TARGETED_DEVICE_FAMILY = "1,2";
			};
			name = Debug;
		};
		84737DC31FC50B5A00C9A744 /* Release */ = {
			isa = XCBuildConfiguration;
			buildSettings = {
				ASSETCATALOG_COMPILER_APPICON_NAME = AppIcon;
				CODE_SIGN_STYLE = Automatic;
				DEVELOPMENT_TEAM = PXKJ4738ET;
				INFOPLIST_FILE = CYFM/Info.plist;
				LD_RUNPATH_SEARCH_PATHS = "$(inherited) @executable_path/Frameworks";
				PRODUCT_BUNDLE_IDENTIFIER = com.chinaredstar.CYFM;
				PRODUCT_NAME = "$(TARGET_NAME)";
				TARGETED_DEVICE_FAMILY = "1,2";
			};
			name = Release;
		};
		84737DC51FC50B5A00C9A744 /* Debug */ = {
			isa = XCBuildConfiguration;
			buildSettings = {
				BUNDLE_LOADER = "$(TEST_HOST)";
				CODE_SIGN_STYLE = Automatic;
				DEVELOPMENT_TEAM = PXKJ4738ET;
				INFOPLIST_FILE = CYFMTests/Info.plist;
				LD_RUNPATH_SEARCH_PATHS = "$(inherited) @executable_path/Frameworks @loader_path/Frameworks";
				PRODUCT_BUNDLE_IDENTIFIER = com.chinaredstar.CYFMTests;
				PRODUCT_NAME = "$(TARGET_NAME)";
				TARGETED_DEVICE_FAMILY = "1,2";
				TEST_HOST = "$(BUILT_PRODUCTS_DIR)/CYFM.app/CYFM";
			};
			name = Debug;
		};
		84737DC61FC50B5A00C9A744 /* Release */ = {
			isa = XCBuildConfiguration;
			buildSettings = {
				BUNDLE_LOADER = "$(TEST_HOST)";
				CODE_SIGN_STYLE = Automatic;
				DEVELOPMENT_TEAM = PXKJ4738ET;
				INFOPLIST_FILE = CYFMTests/Info.plist;
				LD_RUNPATH_SEARCH_PATHS = "$(inherited) @executable_path/Frameworks @loader_path/Frameworks";
				PRODUCT_BUNDLE_IDENTIFIER = com.chinaredstar.CYFMTests;
				PRODUCT_NAME = "$(TARGET_NAME)";
				TARGETED_DEVICE_FAMILY = "1,2";
				TEST_HOST = "$(BUILT_PRODUCTS_DIR)/CYFM.app/CYFM";
			};
			name = Release;
		};
		84737DC81FC50B5A00C9A744 /* Debug */ = {
			isa = XCBuildConfiguration;
			buildSettings = {
				CODE_SIGN_STYLE = Automatic;
				DEVELOPMENT_TEAM = PXKJ4738ET;
				INFOPLIST_FILE = CYFMUITests/Info.plist;
				LD_RUNPATH_SEARCH_PATHS = "$(inherited) @executable_path/Frameworks @loader_path/Frameworks";
				PRODUCT_BUNDLE_IDENTIFIER = com.chinaredstar.CYFMUITests;
				PRODUCT_NAME = "$(TARGET_NAME)";
				TARGETED_DEVICE_FAMILY = "1,2";
				TEST_TARGET_NAME = CYFM;
			};
			name = Debug;
		};
		84737DC91FC50B5A00C9A744 /* Release */ = {
			isa = XCBuildConfiguration;
			buildSettings = {
				CODE_SIGN_STYLE = Automatic;
				DEVELOPMENT_TEAM = PXKJ4738ET;
				INFOPLIST_FILE = CYFMUITests/Info.plist;
				LD_RUNPATH_SEARCH_PATHS = "$(inherited) @executable_path/Frameworks @loader_path/Frameworks";
				PRODUCT_BUNDLE_IDENTIFIER = com.chinaredstar.CYFMUITests;
				PRODUCT_NAME = "$(TARGET_NAME)";
				TARGETED_DEVICE_FAMILY = "1,2";
				TEST_TARGET_NAME = CYFM;
			};
			name = Release;
		};
/* End XCBuildConfiguration section */

/* Begin XCConfigurationList section */
		84737D901FC50B5A00C9A744 /* Build configuration list for PBXProject "CYFM" */ = {
			isa = XCConfigurationList;
			buildConfigurations = (
				84737DBF1FC50B5A00C9A744 /* Debug */,
				84737DC01FC50B5A00C9A744 /* Release */,
			);
			defaultConfigurationIsVisible = 0;
			defaultConfigurationName = Release;
		};
		84737DC11FC50B5A00C9A744 /* Build configuration list for PBXNativeTarget "CYFM" */ = {
			isa = XCConfigurationList;
			buildConfigurations = (
				84737DC21FC50B5A00C9A744 /* Debug */,
				84737DC31FC50B5A00C9A744 /* Release */,
			);
			defaultConfigurationIsVisible = 0;
			defaultConfigurationName = Release;
		};
		84737DC41FC50B5A00C9A744 /* Build configuration list for PBXNativeTarget "CYFMTests" */ = {
			isa = XCConfigurationList;
			buildConfigurations = (
				84737DC51FC50B5A00C9A744 /* Debug */,
				84737DC61FC50B5A00C9A744 /* Release */,
			);
			defaultConfigurationIsVisible = 0;
			defaultConfigurationName = Release;
		};
		84737DC71FC50B5A00C9A744 /* Build configuration list for PBXNativeTarget "CYFMUITests" */ = {
			isa = XCConfigurationList;
			buildConfigurations = (
				84737DC81FC50B5A00C9A744 /* Debug */,
				84737DC91FC50B5A00C9A744 /* Release */,
			);
			defaultConfigurationIsVisible = 0;
			defaultConfigurationName = Release;
		};
/* End XCConfigurationList section */
	};
	rootObject = 84737D8D1FC50B5A00C9A744 /* Project object */;
}
